
Microsoft Visual Studio Solution File, Format Version 12.00
# Visual Studio Version 17
VisualStudioVersion = 17.6.33723.286
MinimumVisualStudioVersion = 10.0.40219.1
Project("{FAE04EC0-301F-11D3-BF4B-00C04F79EFBC}") = "Task21", "Task21.csproj", "{BEECED7E-0802-499C-8B7D-E9804AF3E4CD}"
EndProject
Global
	GlobalSection(SolutionConfigurationPlatforms) = preSolution
		Debug|Any CPU = Debug|Any CPU
		Release|Any CPU = Release|Any CPU
	EndGlobalSection
	GlobalSection(ProjectConfigurationPlatforms) = postSolution
		{BEECED7E-0802-499C-8B7D-E9804AF3E4CD}.Debug|Any CPU.ActiveCfg = Debug|Any CPU
		{BEECED7E-0802-499C-8B7D-E9804AF3E4CD}.Debug|Any CPU.Build.0 = Debug|Any CPU
		{BEECED7E-0802-499C-8B7D-E9804AF3E4CD}.Release|Any CPU.ActiveCfg = Release|Any CPU
		{BEECED7E-0802-499C-8B7D-E9804AF3E4CD}.Release|Any CPU.Build.0 = Release|Any CPU
	EndGlobalSection
	GlobalSection(SolutionProperties) = preSolution
		HideSolutionNode = FALSE
	EndGlobalSection
	GlobalSection(ExtensibilityGlobals) = postSolution
		SolutionGuid = {EEB8DB2F-DC6E-4157-A7A4-574785C64788}
	EndGlobalSection
EndGlobal
