
Microsoft Visual Studio Solution File, Format Version 12.00
# Visual Studio Version 17
VisualStudioVersion = 17.6.33723.286
MinimumVisualStudioVersion = 10.0.40219.1
Project("{FAE04EC0-301F-11D3-BF4B-00C04F79EFBC}") = "Task16", "Task16.csproj", "{09E1BEF3-1313-4F74-9EAD-180446EBA531}"
EndProject
Global
	GlobalSection(SolutionConfigurationPlatforms) = preSolution
		Debug|Any CPU = Debug|Any CPU
		Release|Any CPU = Release|Any CPU
	EndGlobalSection
	GlobalSection(ProjectConfigurationPlatforms) = postSolution
		{09E1BEF3-1313-4F74-9EAD-180446EBA531}.Debug|Any CPU.ActiveCfg = Debug|Any CPU
		{09E1BEF3-1313-4F74-9EAD-180446EBA531}.Debug|Any CPU.Build.0 = Debug|Any CPU
		{09E1BEF3-1313-4F74-9EAD-180446EBA531}.Release|Any CPU.ActiveCfg = Release|Any CPU
		{09E1BEF3-1313-4F74-9EAD-180446EBA531}.Release|Any CPU.Build.0 = Release|Any CPU
	EndGlobalSection
	GlobalSection(SolutionProperties) = preSolution
		HideSolutionNode = FALSE
	EndGlobalSection
	GlobalSection(ExtensibilityGlobals) = postSolution
		SolutionGuid = {7AF3A2E3-8392-4103-90AF-BF52A04E4BB0}
	EndGlobalSection
EndGlobal
