
Microsoft Visual Studio Solution File, Format Version 12.00
# Visual Studio Version 17
VisualStudioVersion = 17.6.33723.286
MinimumVisualStudioVersion = 10.0.40219.1
Project("{FAE04EC0-301F-11D3-BF4B-00C04F79EFBC}") = "Task15", "Task15.csproj", "{57EF912A-3B2D-4A1F-8E5E-E1A5DA27DF42}"
EndProject
Global
	GlobalSection(SolutionConfigurationPlatforms) = preSolution
		Debug|Any CPU = Debug|Any CPU
		Release|Any CPU = Release|Any CPU
	EndGlobalSection
	GlobalSection(ProjectConfigurationPlatforms) = postSolution
		{57EF912A-3B2D-4A1F-8E5E-E1A5DA27DF42}.Debug|Any CPU.ActiveCfg = Debug|Any CPU
		{57EF912A-3B2D-4A1F-8E5E-E1A5DA27DF42}.Debug|Any CPU.Build.0 = Debug|Any CPU
		{57EF912A-3B2D-4A1F-8E5E-E1A5DA27DF42}.Release|Any CPU.ActiveCfg = Release|Any CPU
		{57EF912A-3B2D-4A1F-8E5E-E1A5DA27DF42}.Release|Any CPU.Build.0 = Release|Any CPU
	EndGlobalSection
	GlobalSection(SolutionProperties) = preSolution
		HideSolutionNode = FALSE
	EndGlobalSection
	GlobalSection(ExtensibilityGlobals) = postSolution
		SolutionGuid = {4F6C51AA-AEE1-4D77-864C-598A61C677FF}
	EndGlobalSection
EndGlobal
